<?xml version="1.0" encoding="utf-8"?>
<Project ToolsVersion="4.0" xmlns="http://schemas.microsoft.com/developer/msbuild/2003">
  <ItemGroup>
    <Filter Include="PepperMint">
      <UniqueIdentifier>{497D2F6C-3535-71B9-9E3C-4A158A130CAA}</UniqueIdentifier>
    </Filter>
    <Filter Include="PepperMint\Events">
      <UniqueIdentifier>{0D3D7C50-7953-7AE6-C2CA-05082E204B6E}</UniqueIdentifier>
    </Filter>
    <Filter Include="PepperMint\ImGui">
      <UniqueIdentifier>{33057D29-1FFE-9B7B-4830-810034887B87}</UniqueIdentifier>
    </Filter>
    <Filter Include="PepperMint\Platform">
      <UniqueIdentifier>{BDBB9D7C-291D-7B8A-B28A-C13C1EEBB149}</UniqueIdentifier>
    </Filter>
    <Filter Include="PepperMint\Platform\OpenGL">
      <UniqueIdentifier>{512E74EF-3D3E-20C0-A6F7-84DE92260F59}</UniqueIdentifier>
    </Filter>
    <Filter Include="PepperMint\Platform\Windows">
      <UniqueIdentifier>{F7D21536-63E0-431C-ECC6-3F0758D30FD3}</UniqueIdentifier>
    </Filter>
  </ItemGroup>
  <ItemGroup>
    <ClInclude Include="src\PepperMint.h" />
    <ClInclude Include="src\PepperMint\Application.h">
      <Filter>PepperMint</Filter>
    </ClInclude>
    <ClInclude Include="src\PepperMint\Core.h">
      <Filter>PepperMint</Filter>
    </ClInclude>
    <ClInclude Include="src\PepperMint\EntryPoint.h">
      <Filter>PepperMint</Filter>
    </ClInclude>
    <ClInclude Include="src\PepperMint\Events\ApplicationEvent.h">
      <Filter>PepperMint\Events</Filter>
    </ClInclude>
    <ClInclude Include="src\PepperMint\Events\Event.h">
      <Filter>PepperMint\Events</Filter>
    </ClInclude>
    <ClInclude Include="src\PepperMint\Events\KeyEvent.h">
      <Filter>PepperMint\Events</Filter>
    </ClInclude>
    <ClInclude Include="src\PepperMint\Events\MouseEvent.h">
      <Filter>PepperMint\Events</Filter>
    </ClInclude>
    <ClInclude Include="src\PepperMint\ImGui\ImGuiLayer.h">
      <Filter>PepperMint\ImGui</Filter>
    </ClInclude>
    <ClInclude Include="src\PepperMint\Layer.h">
      <Filter>PepperMint</Filter>
    </ClInclude>
    <ClInclude Include="src\PepperMint\LayerStack.h">
      <Filter>PepperMint</Filter>
    </ClInclude>
    <ClInclude Include="src\PepperMint\Log.h">
      <Filter>PepperMint</Filter>
    </ClInclude>
    <ClInclude Include="src\PepperMint\Platform\OpenGL\ImGuiOpenGLRenderer.h">
      <Filter>PepperMint\Platform\OpenGL</Filter>
    </ClInclude>
    <ClInclude Include="src\PepperMint\Platform\Windows\WindowsWindow.h">
      <Filter>PepperMint\Platform\Windows</Filter>
    </ClInclude>
    <ClInclude Include="src\PepperMint\Window.h">
      <Filter>PepperMint</Filter>
    </ClInclude>
    <ClInclude Include="src\pmpch.h" />
  </ItemGroup>
  <ItemGroup>
    <ClCompile Include="src\PepperMint\Application.cpp">
      <Filter>PepperMint</Filter>
    </ClCompile>
    <ClCompile Include="src\PepperMint\ImGui\ImGuiLayer.cpp">
      <Filter>PepperMint\ImGui</Filter>
    </ClCompile>
    <ClCompile Include="src\PepperMint\LayerStack.cpp">
      <Filter>PepperMint</Filter>
    </ClCompile>
    <ClCompile Include="src\PepperMint\Log.cpp">
      <Filter>PepperMint</Filter>
    </ClCompile>
    <ClCompile Include="src\PepperMint\Platform\OpenGL\ImGuiOpenGLRenderer.cpp">
      <Filter>PepperMint\Platform\OpenGL</Filter>
    </ClCompile>
    <ClCompile Include="src\PepperMint\Platform\Windows\WindowsWindow.cpp">
      <Filter>PepperMint\Platform\Windows</Filter>
    </ClCompile>
    <ClCompile Include="src\pmpch.cpp" />
  </ItemGroup>
</Project>